
Microsoft Visual Studio Solution File, Format Version 12.00
# Visual Studio Version 16
VisualStudioVersion = 16.0.30420.98
MinimumVisualStudioVersion = 10.0.40219.1
Project("{9A19103F-16F7-4668-BE54-9A1E7A4F7556}") = "Middlink.Messages", "Middlink.Messages\Middlink.Messages.csproj", "{8C633230-C334-4D7B-B570-867E87363C30}"
EndProject
Project("{9A19103F-16F7-4668-BE54-9A1E7A4F7556}") = "Middlink", "Middlink\Middlink.csproj", "{2BF0C987-EEDF-47A1-AAA1-79D6E9625C8F}"
EndProject
Project("{9A19103F-16F7-4668-BE54-9A1E7A4F7556}") = "Middlink.MVC", "Middlink.MVC\Middlink.MVC.csproj", "{A53BAD5B-C196-44CB-9834-E00DF305FFD0}"
EndProject
Global
	GlobalSection(SolutionConfigurationPlatforms) = preSolution
		Debug|Any CPU = Debug|Any CPU
		Release|Any CPU = Release|Any CPU
	EndGlobalSection
	GlobalSection(ProjectConfigurationPlatforms) = postSolution
		{2BF0C987-EEDF-47A1-AAA1-79D6E9625C8F}.Debug|Any CPU.ActiveCfg = Debug|Any CPU
		{2BF0C987-EEDF-47A1-AAA1-79D6E9625C8F}.Debug|Any CPU.Build.0 = Debug|Any CPU
		{2BF0C987-EEDF-47A1-AAA1-79D6E9625C8F}.Release|Any CPU.ActiveCfg = Release|Any CPU
		{2BF0C987-EEDF-47A1-AAA1-79D6E9625C8F}.Release|Any CPU.Build.0 = Release|Any CPU
		{8C633230-C334-4D7B-B570-867E87363C30}.Debug|Any CPU.ActiveCfg = Debug|Any CPU
		{8C633230-C334-4D7B-B570-867E87363C30}.Debug|Any CPU.Build.0 = Debug|Any CPU
		{8C633230-C334-4D7B-B570-867E87363C30}.Release|Any CPU.ActiveCfg = Release|Any CPU
		{8C633230-C334-4D7B-B570-867E87363C30}.Release|Any CPU.Build.0 = Release|Any CPU
		{A53BAD5B-C196-44CB-9834-E00DF305FFD0}.Debug|Any CPU.ActiveCfg = Debug|Any CPU
		{A53BAD5B-C196-44CB-9834-E00DF305FFD0}.Debug|Any CPU.Build.0 = Debug|Any CPU
		{A53BAD5B-C196-44CB-9834-E00DF305FFD0}.Release|Any CPU.ActiveCfg = Release|Any CPU
		{A53BAD5B-C196-44CB-9834-E00DF305FFD0}.Release|Any CPU.Build.0 = Release|Any CPU
	EndGlobalSection
	GlobalSection(SolutionProperties) = preSolution
		HideSolutionNode = FALSE
	EndGlobalSection
	GlobalSection(ExtensibilityGlobals) = postSolution
		SolutionGuid = {1498A3F2-CD29-4FEB-B475-8593392F6B34}
	EndGlobalSection
EndGlobal
