
Microsoft Visual Studio Solution File, Format Version 12.00
# Visual Studio Version 16
VisualStudioVersion = 16.0.30420.98
MinimumVisualStudioVersion = 10.0.40219.1
Project("{9A19103F-16F7-4668-BE54-9A1E7A4F7556}") = "Middlink", "Middlink\Middlink.csproj", "{2BF0C987-EEDF-47A1-AAA1-79D6E9625C8F}"
EndProject
Project("{9A19103F-16F7-4668-BE54-9A1E7A4F7556}") = "Middlink.MVC", "Middlink.MVC\Middlink.MVC.csproj", "{A53BAD5B-C196-44CB-9834-E00DF305FFD0}"
EndProject
Project("{9A19103F-16F7-4668-BE54-9A1E7A4F7556}") = "Middlink.EventSourcing.MongoDb", "EventSourcing\Middlink.EventSourcing.MongoDb\Middlink.EventSourcing.MongoDb.csproj", "{C5531BEE-E066-4ED1-B1EA-165CF8C6B3DB}"
EndProject
Project("{2150E333-8FDC-42A3-9474-1A3956D46DE8}") = "EventSourcing", "EventSourcing", "{3EBF52C3-683E-4692-AC8D-6D8A78468D0E}"
EndProject
Project("{9A19103F-16F7-4668-BE54-9A1E7A4F7556}") = "Middlink.EventSourcing", "EventSourcing\Middlink.EventSourcing\Middlink.EventSourcing.csproj", "{41B6AE43-2428-430B-ACDB-06189B933A60}"
EndProject
Project("{9A19103F-16F7-4668-BE54-9A1E7A4F7556}") = "Middlink.EventSourcing.MongoDb.Autofac", "EventSourcing\Middlink.EventSourcing.MongoDb.Autofac\Middlink.EventSourcing.MongoDb.Autofac.csproj", "{89EACB46-B1A5-4EE3-A295-FF0C3B244B8C}"
EndProject
Project("{2150E333-8FDC-42A3-9474-1A3956D46DE8}") = "Storage", "Storage", "{210CDA29-DCE6-4473-BF44-63401F176510}"
EndProject
Project("{9A19103F-16F7-4668-BE54-9A1E7A4F7556}") = "Middlink.Storage.MongoDb", "Storage\Middlink.Storage.MongoDb\Middlink.Storage.MongoDb.csproj", "{B41A17A8-31F3-46BD-A6C0-375C04D65E51}"
EndProject
Project("{9A19103F-16F7-4668-BE54-9A1E7A4F7556}") = "Middlink.Storage.MongoDb.Autofac", "Storage\Middlink.Storage.MongoDb.Autofac\Middlink.Storage.MongoDb.Autofac.csproj", "{A5CCEC56-1459-4718-9A76-CFAE34F9ED27}"
EndProject
Project("{2150E333-8FDC-42A3-9474-1A3956D46DE8}") = "MessageBus", "MessageBus", "{BDCC43A6-B110-45F4-8397-CEEE6443FDA7}"
EndProject
Project("{2150E333-8FDC-42A3-9474-1A3956D46DE8}") = "Solution Items", "Solution Items", "{B6CCD8A4-43EE-4220-A370-414853E70843}"
	ProjectSection(SolutionItems) = preProject
		.editorconfig = .editorconfig
	EndProjectSection
EndProject
Project("{9A19103F-16F7-4668-BE54-9A1E7A4F7556}") = "Middlink.MessageBus.InMemory", "MessageBus\Middlink.MessageBus.InMemory\Middlink.MessageBus.InMemory.csproj", "{85AEEC99-C822-4CB2-AB34-DCA0B2FE3F4F}"
EndProject
Project("{9A19103F-16F7-4668-BE54-9A1E7A4F7556}") = "Middlink.CQRS.Operations.SignalR", "CQRS\Middlink.CQRS.Operations.SignalR\Middlink.CQRS.Operations.SignalR.csproj", "{C5CCF7C2-27E8-42A3-BA3C-8AFAF853A6E4}"
EndProject
Project("{2150E333-8FDC-42A3-9474-1A3956D46DE8}") = "CQRS", "CQRS", "{BEAA6619-0C9B-4F7E-8217-82B29EE3B90B}"
EndProject
Project("{9A19103F-16F7-4668-BE54-9A1E7A4F7556}") = "Middlink.CQRS", "CQRS\Middlink.CQRS\Middlink.CQRS.csproj", "{C58F4523-EAF6-4BBB-9450-499AB0BE4040}"
EndProject
Project("{9A19103F-16F7-4668-BE54-9A1E7A4F7556}") = "Middlink.CQRS.Autofac", "CQRS\Middlink.CQRS.Autofac\Middlink.CQRS.Autofac.csproj", "{33AF6791-16E6-4999-BFD1-E20ACF36B797}"
EndProject
Project("{9A19103F-16F7-4668-BE54-9A1E7A4F7556}") = "Middlink.MessageBus.InMemory.Autofac", "MessageBus\Middlink.MessageBus.InMemory.Autofac\Middlink.MessageBus.InMemory.Autofac.csproj", "{1EE94FBD-94F4-4B57-AE75-1C1284D4FBB4}"
EndProject
Project("{9A19103F-16F7-4668-BE54-9A1E7A4F7556}") = "Middlink.Core", "Middlink.Core\Middlink.Core.csproj", "{2C72C1DA-1C76-4394-B3EE-5E81706B93A9}"
EndProject
Project("{2150E333-8FDC-42A3-9474-1A3956D46DE8}") = "tst", "tst", "{95BE4CD8-3A8B-4615-A518-F4ECBB8B917D}"
EndProject
Project("{FAE04EC0-301F-11D3-BF4B-00C04F79EFBC}") = "Middlink.MessageBus.InMemory.Tests", "..\tst\Middlink.MessageBus.InMemory.Tests\Middlink.MessageBus.InMemory.Tests.csproj", "{78000D1C-945A-4DD1-8F84-F0965EB89D7F}"
EndProject
Global
	GlobalSection(SolutionConfigurationPlatforms) = preSolution
		Debug|Any CPU = Debug|Any CPU
		Release|Any CPU = Release|Any CPU
	EndGlobalSection
	GlobalSection(ProjectConfigurationPlatforms) = postSolution
		{2BF0C987-EEDF-47A1-AAA1-79D6E9625C8F}.Debug|Any CPU.ActiveCfg = Debug|Any CPU
		{2BF0C987-EEDF-47A1-AAA1-79D6E9625C8F}.Debug|Any CPU.Build.0 = Debug|Any CPU
		{2BF0C987-EEDF-47A1-AAA1-79D6E9625C8F}.Release|Any CPU.ActiveCfg = Release|Any CPU
		{2BF0C987-EEDF-47A1-AAA1-79D6E9625C8F}.Release|Any CPU.Build.0 = Release|Any CPU
		{A53BAD5B-C196-44CB-9834-E00DF305FFD0}.Debug|Any CPU.ActiveCfg = Debug|Any CPU
		{A53BAD5B-C196-44CB-9834-E00DF305FFD0}.Debug|Any CPU.Build.0 = Debug|Any CPU
		{A53BAD5B-C196-44CB-9834-E00DF305FFD0}.Release|Any CPU.ActiveCfg = Release|Any CPU
		{A53BAD5B-C196-44CB-9834-E00DF305FFD0}.Release|Any CPU.Build.0 = Release|Any CPU
		{C5531BEE-E066-4ED1-B1EA-165CF8C6B3DB}.Debug|Any CPU.ActiveCfg = Debug|Any CPU
		{C5531BEE-E066-4ED1-B1EA-165CF8C6B3DB}.Debug|Any CPU.Build.0 = Debug|Any CPU
		{C5531BEE-E066-4ED1-B1EA-165CF8C6B3DB}.Release|Any CPU.ActiveCfg = Release|Any CPU
		{C5531BEE-E066-4ED1-B1EA-165CF8C6B3DB}.Release|Any CPU.Build.0 = Release|Any CPU
		{41B6AE43-2428-430B-ACDB-06189B933A60}.Debug|Any CPU.ActiveCfg = Debug|Any CPU
		{41B6AE43-2428-430B-ACDB-06189B933A60}.Debug|Any CPU.Build.0 = Debug|Any CPU
		{41B6AE43-2428-430B-ACDB-06189B933A60}.Release|Any CPU.ActiveCfg = Release|Any CPU
		{41B6AE43-2428-430B-ACDB-06189B933A60}.Release|Any CPU.Build.0 = Release|Any CPU
		{89EACB46-B1A5-4EE3-A295-FF0C3B244B8C}.Debug|Any CPU.ActiveCfg = Debug|Any CPU
		{89EACB46-B1A5-4EE3-A295-FF0C3B244B8C}.Debug|Any CPU.Build.0 = Debug|Any CPU
		{89EACB46-B1A5-4EE3-A295-FF0C3B244B8C}.Release|Any CPU.ActiveCfg = Release|Any CPU
		{89EACB46-B1A5-4EE3-A295-FF0C3B244B8C}.Release|Any CPU.Build.0 = Release|Any CPU
		{B41A17A8-31F3-46BD-A6C0-375C04D65E51}.Debug|Any CPU.ActiveCfg = Debug|Any CPU
		{B41A17A8-31F3-46BD-A6C0-375C04D65E51}.Debug|Any CPU.Build.0 = Debug|Any CPU
		{B41A17A8-31F3-46BD-A6C0-375C04D65E51}.Release|Any CPU.ActiveCfg = Release|Any CPU
		{B41A17A8-31F3-46BD-A6C0-375C04D65E51}.Release|Any CPU.Build.0 = Release|Any CPU
		{A5CCEC56-1459-4718-9A76-CFAE34F9ED27}.Debug|Any CPU.ActiveCfg = Debug|Any CPU
		{A5CCEC56-1459-4718-9A76-CFAE34F9ED27}.Debug|Any CPU.Build.0 = Debug|Any CPU
		{A5CCEC56-1459-4718-9A76-CFAE34F9ED27}.Release|Any CPU.ActiveCfg = Release|Any CPU
		{A5CCEC56-1459-4718-9A76-CFAE34F9ED27}.Release|Any CPU.Build.0 = Release|Any CPU
		{85AEEC99-C822-4CB2-AB34-DCA0B2FE3F4F}.Debug|Any CPU.ActiveCfg = Debug|Any CPU
		{85AEEC99-C822-4CB2-AB34-DCA0B2FE3F4F}.Debug|Any CPU.Build.0 = Debug|Any CPU
		{85AEEC99-C822-4CB2-AB34-DCA0B2FE3F4F}.Release|Any CPU.ActiveCfg = Release|Any CPU
		{85AEEC99-C822-4CB2-AB34-DCA0B2FE3F4F}.Release|Any CPU.Build.0 = Release|Any CPU
		{C5CCF7C2-27E8-42A3-BA3C-8AFAF853A6E4}.Debug|Any CPU.ActiveCfg = Debug|Any CPU
		{C5CCF7C2-27E8-42A3-BA3C-8AFAF853A6E4}.Debug|Any CPU.Build.0 = Debug|Any CPU
		{C5CCF7C2-27E8-42A3-BA3C-8AFAF853A6E4}.Release|Any CPU.ActiveCfg = Release|Any CPU
		{C5CCF7C2-27E8-42A3-BA3C-8AFAF853A6E4}.Release|Any CPU.Build.0 = Release|Any CPU
		{C58F4523-EAF6-4BBB-9450-499AB0BE4040}.Debug|Any CPU.ActiveCfg = Debug|Any CPU
		{C58F4523-EAF6-4BBB-9450-499AB0BE4040}.Debug|Any CPU.Build.0 = Debug|Any CPU
		{C58F4523-EAF6-4BBB-9450-499AB0BE4040}.Release|Any CPU.ActiveCfg = Release|Any CPU
		{C58F4523-EAF6-4BBB-9450-499AB0BE4040}.Release|Any CPU.Build.0 = Release|Any CPU
		{33AF6791-16E6-4999-BFD1-E20ACF36B797}.Debug|Any CPU.ActiveCfg = Debug|Any CPU
		{33AF6791-16E6-4999-BFD1-E20ACF36B797}.Debug|Any CPU.Build.0 = Debug|Any CPU
		{33AF6791-16E6-4999-BFD1-E20ACF36B797}.Release|Any CPU.ActiveCfg = Release|Any CPU
		{33AF6791-16E6-4999-BFD1-E20ACF36B797}.Release|Any CPU.Build.0 = Release|Any CPU
		{1EE94FBD-94F4-4B57-AE75-1C1284D4FBB4}.Debug|Any CPU.ActiveCfg = Debug|Any CPU
		{1EE94FBD-94F4-4B57-AE75-1C1284D4FBB4}.Debug|Any CPU.Build.0 = Debug|Any CPU
		{1EE94FBD-94F4-4B57-AE75-1C1284D4FBB4}.Release|Any CPU.ActiveCfg = Release|Any CPU
		{1EE94FBD-94F4-4B57-AE75-1C1284D4FBB4}.Release|Any CPU.Build.0 = Release|Any CPU
		{2C72C1DA-1C76-4394-B3EE-5E81706B93A9}.Debug|Any CPU.ActiveCfg = Debug|Any CPU
		{2C72C1DA-1C76-4394-B3EE-5E81706B93A9}.Debug|Any CPU.Build.0 = Debug|Any CPU
		{2C72C1DA-1C76-4394-B3EE-5E81706B93A9}.Release|Any CPU.ActiveCfg = Release|Any CPU
		{2C72C1DA-1C76-4394-B3EE-5E81706B93A9}.Release|Any CPU.Build.0 = Release|Any CPU
		{78000D1C-945A-4DD1-8F84-F0965EB89D7F}.Debug|Any CPU.ActiveCfg = Debug|Any CPU
		{78000D1C-945A-4DD1-8F84-F0965EB89D7F}.Debug|Any CPU.Build.0 = Debug|Any CPU
		{78000D1C-945A-4DD1-8F84-F0965EB89D7F}.Release|Any CPU.ActiveCfg = Release|Any CPU
		{78000D1C-945A-4DD1-8F84-F0965EB89D7F}.Release|Any CPU.Build.0 = Release|Any CPU
	EndGlobalSection
	GlobalSection(SolutionProperties) = preSolution
		HideSolutionNode = FALSE
	EndGlobalSection
	GlobalSection(NestedProjects) = preSolution
		{C5531BEE-E066-4ED1-B1EA-165CF8C6B3DB} = {3EBF52C3-683E-4692-AC8D-6D8A78468D0E}
		{41B6AE43-2428-430B-ACDB-06189B933A60} = {3EBF52C3-683E-4692-AC8D-6D8A78468D0E}
		{89EACB46-B1A5-4EE3-A295-FF0C3B244B8C} = {3EBF52C3-683E-4692-AC8D-6D8A78468D0E}
		{B41A17A8-31F3-46BD-A6C0-375C04D65E51} = {210CDA29-DCE6-4473-BF44-63401F176510}
		{A5CCEC56-1459-4718-9A76-CFAE34F9ED27} = {210CDA29-DCE6-4473-BF44-63401F176510}
		{85AEEC99-C822-4CB2-AB34-DCA0B2FE3F4F} = {BDCC43A6-B110-45F4-8397-CEEE6443FDA7}
		{C5CCF7C2-27E8-42A3-BA3C-8AFAF853A6E4} = {BEAA6619-0C9B-4F7E-8217-82B29EE3B90B}
		{C58F4523-EAF6-4BBB-9450-499AB0BE4040} = {BEAA6619-0C9B-4F7E-8217-82B29EE3B90B}
		{33AF6791-16E6-4999-BFD1-E20ACF36B797} = {BEAA6619-0C9B-4F7E-8217-82B29EE3B90B}
		{1EE94FBD-94F4-4B57-AE75-1C1284D4FBB4} = {BDCC43A6-B110-45F4-8397-CEEE6443FDA7}
		{78000D1C-945A-4DD1-8F84-F0965EB89D7F} = {95BE4CD8-3A8B-4615-A518-F4ECBB8B917D}
	EndGlobalSection
	GlobalSection(ExtensibilityGlobals) = postSolution
		SolutionGuid = {1498A3F2-CD29-4FEB-B475-8593392F6B34}
	EndGlobalSection
EndGlobal
